// !$*UTF8*$!
{
	archiveVersion = 1;
	classes = {
	};
	objectVersion = 54;
	objects = {

/* Begin PBXBuildFile section */
		00E356F31AD99517003FC87E /* MCF_New_ProjectTests.m in Sources */ = {isa = PBXBuildFile; fileRef = 00E356F21AD99517003FC87E /* MCF_New_ProjectTests.m */; };
		13B07FBC1A68108700A75B9A /* AppDelegate.m in Sources */ = {isa = PBXBuildFile; fileRef = 13B07FB01A68108700A75B9A /* AppDelegate.m */; };
		13B07FBF1A68108700A75B9A /* Images.xcassets in Resources */ = {isa = PBXBuildFile; fileRef = 13B07FB51A68108700A75B9A /* Images.xcassets */; };
		13B07FC11A68108700A75B9A /* main.m in Sources */ = {isa = PBXBuildFile; fileRef = 13B07FB71A68108700A75B9A /* main.m */; };
		81AB9BB82411601600AC10FF /* LaunchScreen.storyboard in Resources */ = {isa = PBXBuildFile; fileRef = 81AB9BB72411601600AC10FF /* LaunchScreen.storyboard */; };
		013726B91AF04F1293EB434A /* OpenSans-Regular.ttf in Resources */ = {isa = PBXBuildFile; fileRef = A91F9112E1174F59AF572B84 /* OpenSans-Regular.ttf */; };
		270E8EFFCB50472D9C9C22CA /* OpenSans-Semibold.ttf in Resources */ = {isa = PBXBuildFile; fileRef = FCB0B6C99DD54182B44952F4 /* OpenSans-Semibold.ttf */; };
		FEDA93DF9C0C426E8F72197F /* Oswald-ExtraLight.ttf in Resources */ = {isa = PBXBuildFile; fileRef = 5093E822EC9E47AFB5879194 /* Oswald-ExtraLight.ttf */; };
		B61807968F8347D0A89D2FCF /* Oswald-Medium.ttf in Resources */ = {isa = PBXBuildFile; fileRef = A842A1F392C14B4BA5AE9BE3 /* Oswald-Medium.ttf */; };
		63B3825161E242E0BF16F238 /* Oswald-Regular.ttf in Resources */ = {isa = PBXBuildFile; fileRef = DEE64AC7F89C4439A8124615 /* Oswald-Regular.ttf */; };
		7F6E8AEC590E41C5983F2061 /* AntDesign.ttf in Resources */ = {isa = PBXBuildFile; fileRef = C975AC03A0064AF2AA3D237D /* AntDesign.ttf */; };
		76272B92DCDD48ABA9C6A54F /* Entypo.ttf in Resources */ = {isa = PBXBuildFile; fileRef = 8410D5CFAC284CC295340E38 /* Entypo.ttf */; };
		0BB464B1741A4E02A5488E13 /* EvilIcons.ttf in Resources */ = {isa = PBXBuildFile; fileRef = 12CD6D67DE034C4284CC92B6 /* EvilIcons.ttf */; };
		44D7FF4F3E6F446F9023DE7C /* Feather.ttf in Resources */ = {isa = PBXBuildFile; fileRef = 44C8CBD50C4843E49C717199 /* Feather.ttf */; };
		56B4C639E5024B57A612BA36 /* FontAwesome.ttf in Resources */ = {isa = PBXBuildFile; fileRef = D81723A62A1D406D84AF2D6B /* FontAwesome.ttf */; };
		1F657BE37347431C8F082404 /* FontAwesome5_Brands.ttf in Resources */ = {isa = PBXBuildFile; fileRef = 3A9499303CB243B7989E0101 /* FontAwesome5_Brands.ttf */; };
		6A9CE85A7283495AA6EC0982 /* FontAwesome5_Regular.ttf in Resources */ = {isa = PBXBuildFile; fileRef = C031E65286464CE4B74F3F20 /* FontAwesome5_Regular.ttf */; };
		5306485FEDF04EA69380D630 /* FontAwesome5_Solid.ttf in Resources */ = {isa = PBXBuildFile; fileRef = EC671B62A43B47B38B94C339 /* FontAwesome5_Solid.ttf */; };
		D2AA87D7A9AD49A69B78A261 /* Fontisto.ttf in Resources */ = {isa = PBXBuildFile; fileRef = 68E9A0C0EF824DDEB290AC91 /* Fontisto.ttf */; };
		86E46144A6A147F694937017 /* Foundation.ttf in Resources */ = {isa = PBXBuildFile; fileRef = 6853DCB8267047989DE4B206 /* Foundation.ttf */; };
		BD46D8108CF545D4BA3E33B4 /* Ionicons.ttf in Resources */ = {isa = PBXBuildFile; fileRef = F2F92FB337CE4AA8A020C68B /* Ionicons.ttf */; };
		5D3C4B3EA0BB486E9C4024D2 /* MaterialCommunityIcons.ttf in Resources */ = {isa = PBXBuildFile; fileRef = 1792FE11E4EF418C9334DCE4 /* MaterialCommunityIcons.ttf */; };
		ECA5B7E8488F499F96BDA64C /* MaterialIcons.ttf in Resources */ = {isa = PBXBuildFile; fileRef = F108F6434D154A9E8F7532FE /* MaterialIcons.ttf */; };
		62DB203663A849DDA5613831 /* Octicons.ttf in Resources */ = {isa = PBXBuildFile; fileRef = AED8D84D7332444ABEBD642D /* Octicons.ttf */; };
		C3AD72FD4C584E6CA2488AD8 /* SimpleLineIcons.ttf in Resources */ = {isa = PBXBuildFile; fileRef = 243BF610477C4EF08272467D /* SimpleLineIcons.ttf */; };
		050467DA9E1A426F8BB050B0 /* Zocial.ttf in Resources */ = {isa = PBXBuildFile; fileRef = B463B505CE7B4906881F1117 /* Zocial.ttf */; };
		71456C3EBE3E4C3D8316B02F /* OpenSans-Bold.ttf in Resources */ = {isa = PBXBuildFile; fileRef = 16A5804ADB414876AE4F9FA1 /* OpenSans-Bold.ttf */; };
		E44F8C7B8BCC4DA08A31D304 /* CWG.ttf in Resources */ = {isa = PBXBuildFile; fileRef = B6792C68BC244C8EB0DC9987 /* CWG.ttf */; };
		54CDD45F465540C59EA276F2 /* CWG1.otf in Resources */ = {isa = PBXBuildFile; fileRef = F0AECA266D7E4016B924EA95 /* CWG1.otf */; };
		A3F9B935E194420D9DFE4F83 /* Freedom-10eM.ttf in Resources */ = {isa = PBXBuildFile; fileRef = 95B4F37DAA2840E78E3AB35E /* Freedom-10eM.ttf */; };
		5D1717835A0544CFA8DB5DC9 /* Lato-Black.ttf in Resources */ = {isa = PBXBuildFile; fileRef = 542409F174C04AA484016730 /* Lato-Black.ttf */; };
		CF4B54BC584E4B2BB873D788 /* Montserrat-Bold.ttf in Resources */ = {isa = PBXBuildFile; fileRef = 4BE278C0FF014E92AFC5DE94 /* Montserrat-Bold.ttf */; };
		D9162D80FCEE49E1B50FE320 /* 28 Days Later.ttf in Resources */ = {isa = PBXBuildFile; fileRef = 46B115CAADFA45948AA9BF12 /* 28 Days Later.ttf */; };
		31D3FB2004B14ECE88497012 /* Galaxus D.otf in Resources */ = {isa = PBXBuildFile; fileRef = 66B2709298934FDEB5784C7B /* Galaxus D.otf */; };
		D0CA2DAD7FB34109AD3F9634 /* 28_Days_Later.ttf in Resources */ = {isa = PBXBuildFile; fileRef = 1AE1E87AC7FF4B4581EDBB5C /* 28_Days_Later.ttf */; };
		18ADCAC5C47D4A9D90AA5E7B /* Bastaman.ttf in Resources */ = {isa = PBXBuildFile; fileRef = EEE988984B0140FDB5214A2C /* Bastaman.ttf */; };
/* End PBXBuildFile section */

/* Begin PBXContainerItemProxy section */
		00E356F41AD99517003FC87E /* PBXContainerItemProxy */ = {
			isa = PBXContainerItemProxy;
			containerPortal = 83CBB9F71A601CBA00E9B192 /* Project object */;
			proxyType = 1;
			remoteGlobalIDString = 13B07F861A680F5B00A75B9A;
			remoteInfo = MCF_New_Project;
		};
/* End PBXContainerItemProxy section */

/* Begin PBXFileReference section */
		00E356EE1AD99517003FC87E /* MCF_New_ProjectTests.xctest */ = {isa = PBXFileReference; explicitFileType = wrapper.cfbundle; includeInIndex = 0; path = MCF_New_ProjectTests.xctest; sourceTree = BUILT_PRODUCTS_DIR; };
		00E356F11AD99517003FC87E /* Info.plist */ = {isa = PBXFileReference; lastKnownFileType = text.plist.xml; path = Info.plist; sourceTree = "<group>"; };
		00E356F21AD99517003FC87E /* MCF_New_ProjectTests.m */ = {isa = PBXFileReference; lastKnownFileType = sourcecode.c.objc; path = MCF_New_ProjectTests.m; sourceTree = "<group>"; };
		13B07F961A680F5B00A75B9A /* MCF_New_Project.app */ = {isa = PBXFileReference; explicitFileType = wrapper.application; includeInIndex = 0; path = MCF_New_Project.app; sourceTree = BUILT_PRODUCTS_DIR; };
		13B07FAF1A68108700A75B9A /* AppDelegate.h */ = {isa = PBXFileReference; fileEncoding = 4; lastKnownFileType = sourcecode.c.h; name = AppDelegate.h; path = MCF_New_Project/AppDelegate.h; sourceTree = "<group>"; };
		13B07FB01A68108700A75B9A /* AppDelegate.m */ = {isa = PBXFileReference; fileEncoding = 4; lastKnownFileType = sourcecode.c.objc; name = AppDelegate.m; path = MCF_New_Project/AppDelegate.m; sourceTree = "<group>"; };
		13B07FB51A68108700A75B9A /* Images.xcassets */ = {isa = PBXFileReference; lastKnownFileType = folder.assetcatalog; name = Images.xcassets; path = MCF_New_Project/Images.xcassets; sourceTree = "<group>"; };
		13B07FB61A68108700A75B9A /* Info.plist */ = {isa = PBXFileReference; fileEncoding = 4; lastKnownFileType = text.plist.xml; name = Info.plist; path = MCF_New_Project/Info.plist; sourceTree = "<group>"; };
		13B07FB71A68108700A75B9A /* main.m */ = {isa = PBXFileReference; fileEncoding = 4; lastKnownFileType = sourcecode.c.objc; name = main.m; path = MCF_New_Project/main.m; sourceTree = "<group>"; };
		81AB9BB72411601600AC10FF /* LaunchScreen.storyboard */ = {isa = PBXFileReference; fileEncoding = 4; lastKnownFileType = file.storyboard; name = LaunchScreen.storyboard; path = MCF_New_Project/LaunchScreen.storyboard; sourceTree = "<group>"; };
		ED297162215061F000B7C4FE /* JavaScriptCore.framework */ = {isa = PBXFileReference; lastKnownFileType = wrapper.framework; name = JavaScriptCore.framework; path = System/Library/Frameworks/JavaScriptCore.framework; sourceTree = SDKROOT; };
		A91F9112E1174F59AF572B84 /* OpenSans-Regular.ttf */ = {isa = PBXFileReference; name = "OpenSans-Regular.ttf"; path = "../assets/fonts/OpenSans-Regular.ttf"; sourceTree = "<group>"; fileEncoding = undefined; lastKnownFileType = unknown; explicitFileType = undefined; includeInIndex = 0; };
		FCB0B6C99DD54182B44952F4 /* OpenSans-Semibold.ttf */ = {isa = PBXFileReference; name = "OpenSans-Semibold.ttf"; path = "../assets/fonts/OpenSans-Semibold.ttf"; sourceTree = "<group>"; fileEncoding = undefined; lastKnownFileType = unknown; explicitFileType = undefined; includeInIndex = 0; };
		5093E822EC9E47AFB5879194 /* Oswald-ExtraLight.ttf */ = {isa = PBXFileReference; name = "Oswald-ExtraLight.ttf"; path = "../assets/fonts/Oswald-ExtraLight.ttf"; sourceTree = "<group>"; fileEncoding = undefined; lastKnownFileType = unknown; explicitFileType = undefined; includeInIndex = 0; };
		A842A1F392C14B4BA5AE9BE3 /* Oswald-Medium.ttf */ = {isa = PBXFileReference; name = "Oswald-Medium.ttf"; path = "../assets/fonts/Oswald-Medium.ttf"; sourceTree = "<group>"; fileEncoding = undefined; lastKnownFileType = unknown; explicitFileType = undefined; includeInIndex = 0; };
		DEE64AC7F89C4439A8124615 /* Oswald-Regular.ttf */ = {isa = PBXFileReference; name = "Oswald-Regular.ttf"; path = "../assets/fonts/Oswald-Regular.ttf"; sourceTree = "<group>"; fileEncoding = undefined; lastKnownFileType = unknown; explicitFileType = undefined; includeInIndex = 0; };
		C975AC03A0064AF2AA3D237D /* AntDesign.ttf */ = {isa = PBXFileReference; name = "AntDesign.ttf"; path = "../node_modules/react-native-vector-icons/Fonts/AntDesign.ttf"; sourceTree = "<group>"; fileEncoding = undefined; lastKnownFileType = unknown; explicitFileType = undefined; includeInIndex = 0; };
		8410D5CFAC284CC295340E38 /* Entypo.ttf */ = {isa = PBXFileReference; name = "Entypo.ttf"; path = "../node_modules/react-native-vector-icons/Fonts/Entypo.ttf"; sourceTree = "<group>"; fileEncoding = undefined; lastKnownFileType = unknown; explicitFileType = undefined; includeInIndex = 0; };
		12CD6D67DE034C4284CC92B6 /* EvilIcons.ttf */ = {isa = PBXFileReference; name = "EvilIcons.ttf"; path = "../node_modules/react-native-vector-icons/Fonts/EvilIcons.ttf"; sourceTree = "<group>"; fileEncoding = undefined; lastKnownFileType = unknown; explicitFileType = undefined; includeInIndex = 0; };
		44C8CBD50C4843E49C717199 /* Feather.ttf */ = {isa = PBXFileReference; name = "Feather.ttf"; path = "../node_modules/react-native-vector-icons/Fonts/Feather.ttf"; sourceTree = "<group>"; fileEncoding = undefined; lastKnownFileType = unknown; explicitFileType = undefined; includeInIndex = 0; };
		D81723A62A1D406D84AF2D6B /* FontAwesome.ttf */ = {isa = PBXFileReference; name = "FontAwesome.ttf"; path = "../node_modules/react-native-vector-icons/Fonts/FontAwesome.ttf"; sourceTree = "<group>"; fileEncoding = undefined; lastKnownFileType = unknown; explicitFileType = undefined; includeInIndex = 0; };
		3A9499303CB243B7989E0101 /* FontAwesome5_Brands.ttf */ = {isa = PBXFileReference; name = "FontAwesome5_Brands.ttf"; path = "../node_modules/react-native-vector-icons/Fonts/FontAwesome5_Brands.ttf"; sourceTree = "<group>"; fileEncoding = undefined; lastKnownFileType = unknown; explicitFileType = undefined; includeInIndex = 0; };
		C031E65286464CE4B74F3F20 /* FontAwesome5_Regular.ttf */ = {isa = PBXFileReference; name = "FontAwesome5_Regular.ttf"; path = "../node_modules/react-native-vector-icons/Fonts/FontAwesome5_Regular.ttf"; sourceTree = "<group>"; fileEncoding = undefined; lastKnownFileType = unknown; explicitFileType = undefined; includeInIndex = 0; };
		EC671B62A43B47B38B94C339 /* FontAwesome5_Solid.ttf */ = {isa = PBXFileReference; name = "FontAwesome5_Solid.ttf"; path = "../node_modules/react-native-vector-icons/Fonts/FontAwesome5_Solid.ttf"; sourceTree = "<group>"; fileEncoding = undefined; lastKnownFileType = unknown; explicitFileType = undefined; includeInIndex = 0; };
		68E9A0C0EF824DDEB290AC91 /* Fontisto.ttf */ = {isa = PBXFileReference; name = "Fontisto.ttf"; path = "../node_modules/react-native-vector-icons/Fonts/Fontisto.ttf"; sourceTree = "<group>"; fileEncoding = undefined; lastKnownFileType = unknown; explicitFileType = undefined; includeInIndex = 0; };
		6853DCB8267047989DE4B206 /* Foundation.ttf */ = {isa = PBXFileReference; name = "Foundation.ttf"; path = "../node_modules/react-native-vector-icons/Fonts/Foundation.ttf"; sourceTree = "<group>"; fileEncoding = undefined; lastKnownFileType = unknown; explicitFileType = undefined; includeInIndex = 0; };
		F2F92FB337CE4AA8A020C68B /* Ionicons.ttf */ = {isa = PBXFileReference; name = "Ionicons.ttf"; path = "../node_modules/react-native-vector-icons/Fonts/Ionicons.ttf"; sourceTree = "<group>"; fileEncoding = undefined; lastKnownFileType = unknown; explicitFileType = undefined; includeInIndex = 0; };
		1792FE11E4EF418C9334DCE4 /* MaterialCommunityIcons.ttf */ = {isa = PBXFileReference; name = "MaterialCommunityIcons.ttf"; path = "../node_modules/react-native-vector-icons/Fonts/MaterialCommunityIcons.ttf"; sourceTree = "<group>"; fileEncoding = undefined; lastKnownFileType = unknown; explicitFileType = undefined; includeInIndex = 0; };
		F108F6434D154A9E8F7532FE /* MaterialIcons.ttf */ = {isa = PBXFileReference; name = "MaterialIcons.ttf"; path = "../node_modules/react-native-vector-icons/Fonts/MaterialIcons.ttf"; sourceTree = "<group>"; fileEncoding = undefined; lastKnownFileType = unknown; explicitFileType = undefined; includeInIndex = 0; };
		AED8D84D7332444ABEBD642D /* Octicons.ttf */ = {isa = PBXFileReference; name = "Octicons.ttf"; path = "../node_modules/react-native-vector-icons/Fonts/Octicons.ttf"; sourceTree = "<group>"; fileEncoding = undefined; lastKnownFileType = unknown; explicitFileType = undefined; includeInIndex = 0; };
		243BF610477C4EF08272467D /* SimpleLineIcons.ttf */ = {isa = PBXFileReference; name = "SimpleLineIcons.ttf"; path = "../node_modules/react-native-vector-icons/Fonts/SimpleLineIcons.ttf"; sourceTree = "<group>"; fileEncoding = undefined; lastKnownFileType = unknown; explicitFileType = undefined; includeInIndex = 0; };
		B463B505CE7B4906881F1117 /* Zocial.ttf */ = {isa = PBXFileReference; name = "Zocial.ttf"; path = "../node_modules/react-native-vector-icons/Fonts/Zocial.ttf"; sourceTree = "<group>"; fileEncoding = undefined; lastKnownFileType = unknown; explicitFileType = undefined; includeInIndex = 0; };
		16A5804ADB414876AE4F9FA1 /* OpenSans-Bold.ttf */ = {isa = PBXFileReference; name = "OpenSans-Bold.ttf"; path = "../assets/fonts/OpenSans-Bold.ttf"; sourceTree = "<group>"; fileEncoding = undefined; lastKnownFileType = unknown; explicitFileType = undefined; includeInIndex = 0; };
		B6792C68BC244C8EB0DC9987 /* CWG.ttf */ = {isa = PBXFileReference; name = "CWG.ttf"; path = "../assets/fonts/CWG.ttf"; sourceTree = "<group>"; fileEncoding = undefined; lastKnownFileType = unknown; explicitFileType = undefined; includeInIndex = 0; };
		F0AECA266D7E4016B924EA95 /* CWG1.otf */ = {isa = PBXFileReference; name = "CWG1.otf"; path = "../assets/fonts/CWG1.otf"; sourceTree = "<group>"; fileEncoding = undefined; lastKnownFileType = unknown; explicitFileType = undefined; includeInIndex = 0; };
		95B4F37DAA2840E78E3AB35E /* Freedom-10eM.ttf */ = {isa = PBXFileReference; name = "Freedom-10eM.ttf"; path = "../assets/fonts/Freedom-10eM.ttf"; sourceTree = "<group>"; fileEncoding = undefined; lastKnownFileType = unknown; explicitFileType = undefined; includeInIndex = 0; };
		542409F174C04AA484016730 /* Lato-Black.ttf */ = {isa = PBXFileReference; name = "Lato-Black.ttf"; path = "../assets/fonts/Lato-Black.ttf"; sourceTree = "<group>"; fileEncoding = undefined; lastKnownFileType = unknown; explicitFileType = undefined; includeInIndex = 0; };
		4BE278C0FF014E92AFC5DE94 /* Montserrat-Bold.ttf */ = {isa = PBXFileReference; name = "Montserrat-Bold.ttf"; path = "../assets/fonts/Montserrat-Bold.ttf"; sourceTree = "<group>"; fileEncoding = undefined; lastKnownFileType = unknown; explicitFileType = undefined; includeInIndex = 0; };
		46B115CAADFA45948AA9BF12 /* 28 Days Later.ttf */ = {isa = PBXFileReference; name = "28 Days Later.ttf"; path = "../assets/fonts/28 Days Later.ttf"; sourceTree = "<group>"; fileEncoding = undefined; lastKnownFileType = unknown; explicitFileType = undefined; includeInIndex = 0; };
		66B2709298934FDEB5784C7B /* Galaxus D.otf */ = {isa = PBXFileReference; name = "Galaxus D.otf"; path = "../assets/fonts/Galaxus D.otf"; sourceTree = "<group>"; fileEncoding = undefined; lastKnownFileType = unknown; explicitFileType = undefined; includeInIndex = 0; };
		1AE1E87AC7FF4B4581EDBB5C /* 28_Days_Later.ttf */ = {isa = PBXFileReference; name = "28_Days_Later.ttf"; path = "../assets/fonts/28_Days_Later.ttf"; sourceTree = "<group>"; fileEncoding = undefined; lastKnownFileType = unknown; explicitFileType = undefined; includeInIndex = 0; };
		EEE988984B0140FDB5214A2C /* Bastaman.ttf */ = {isa = PBXFileReference; name = "Bastaman.ttf"; path = "../assets/fonts/Bastaman.ttf"; sourceTree = "<group>"; fileEncoding = undefined; lastKnownFileType = unknown; explicitFileType = undefined; includeInIndex = 0; };
/* End PBXFileReference section */

/* Begin PBXFrameworksBuildPhase section */
		00E356EB1AD99517003FC87E /* Frameworks */ = {
			isa = PBXFrameworksBuildPhase;
			buildActionMask = 2147483647;
			files = (
			);
			runOnlyForDeploymentPostprocessing = 0;
		};
		13B07F8C1A680F5B00A75B9A /* Frameworks */ = {
			isa = PBXFrameworksBuildPhase;
			buildActionMask = 2147483647;
			files = (
			);
			runOnlyForDeploymentPostprocessing = 0;
		};
/* End PBXFrameworksBuildPhase section */

/* Begin PBXGroup section */
		00E356EF1AD99517003FC87E /* MCF_New_ProjectTests */ = {
			isa = PBXGroup;
			children = (
				00E356F21AD99517003FC87E /* MCF_New_ProjectTests.m */,
				00E356F01AD99517003FC87E /* Supporting Files */,
			);
			path = MCF_New_ProjectTests;
			sourceTree = "<group>";
		};
		00E356F01AD99517003FC87E /* Supporting Files */ = {
			isa = PBXGroup;
			children = (
				00E356F11AD99517003FC87E /* Info.plist */,
			);
			name = "Supporting Files";
			sourceTree = "<group>";
		};
		13B07FAE1A68108700A75B9A /* MCF_New_Project */ = {
			isa = PBXGroup;
			children = (
				13B07FAF1A68108700A75B9A /* AppDelegate.h */,
				13B07FB01A68108700A75B9A /* AppDelegate.m */,
				13B07FB51A68108700A75B9A /* Images.xcassets */,
				13B07FB61A68108700A75B9A /* Info.plist */,
				81AB9BB72411601600AC10FF /* LaunchScreen.storyboard */,
				13B07FB71A68108700A75B9A /* main.m */,
			);
			name = MCF_New_Project;
			sourceTree = "<group>";
		};
		2D16E6871FA4F8E400B85C8A /* Frameworks */ = {
			isa = PBXGroup;
			children = (
				ED297162215061F000B7C4FE /* JavaScriptCore.framework */,
			);
			name = Frameworks;
			sourceTree = "<group>";
		};
		832341AE1AAA6A7D00B99B32 /* Libraries */ = {
			isa = PBXGroup;
			children = (
			);
			name = Libraries;
			sourceTree = "<group>";
		};
		83CBB9F61A601CBA00E9B192 = {
			isa = PBXGroup;
			children = (
				13B07FAE1A68108700A75B9A /* MCF_New_Project */,
				832341AE1AAA6A7D00B99B32 /* Libraries */,
				00E356EF1AD99517003FC87E /* MCF_New_ProjectTests */,
				83CBBA001A601CBA00E9B192 /* Products */,
				2D16E6871FA4F8E400B85C8A /* Frameworks */,
				91ED44E6B419483CAE7C77F7 /* Resources */,
			);
			indentWidth = 2;
			sourceTree = "<group>";
			tabWidth = 2;
			usesTabs = 0;
		};
		83CBBA001A601CBA00E9B192 /* Products */ = {
			isa = PBXGroup;
			children = (
				13B07F961A680F5B00A75B9A /* MCF_New_Project.app */,
				00E356EE1AD99517003FC87E /* MCF_New_ProjectTests.xctest */,
			);
			name = Products;
			sourceTree = "<group>";
		};
		91ED44E6B419483CAE7C77F7 /* Resources */ = {
			isa = "PBXGroup";
			children = (
				A91F9112E1174F59AF572B84 /* OpenSans-Regular.ttf */,
				FCB0B6C99DD54182B44952F4 /* OpenSans-Semibold.ttf */,
				5093E822EC9E47AFB5879194 /* Oswald-ExtraLight.ttf */,
				A842A1F392C14B4BA5AE9BE3 /* Oswald-Medium.ttf */,
				DEE64AC7F89C4439A8124615 /* Oswald-Regular.ttf */,
				C975AC03A0064AF2AA3D237D /* AntDesign.ttf */,
				8410D5CFAC284CC295340E38 /* Entypo.ttf */,
				12CD6D67DE034C4284CC92B6 /* EvilIcons.ttf */,
				44C8CBD50C4843E49C717199 /* Feather.ttf */,
				D81723A62A1D406D84AF2D6B /* FontAwesome.ttf */,
				3A9499303CB243B7989E0101 /* FontAwesome5_Brands.ttf */,
				C031E65286464CE4B74F3F20 /* FontAwesome5_Regular.ttf */,
				EC671B62A43B47B38B94C339 /* FontAwesome5_Solid.ttf */,
				68E9A0C0EF824DDEB290AC91 /* Fontisto.ttf */,
				6853DCB8267047989DE4B206 /* Foundation.ttf */,
				F2F92FB337CE4AA8A020C68B /* Ionicons.ttf */,
				1792FE11E4EF418C9334DCE4 /* MaterialCommunityIcons.ttf */,
				F108F6434D154A9E8F7532FE /* MaterialIcons.ttf */,
				AED8D84D7332444ABEBD642D /* Octicons.ttf */,
				243BF610477C4EF08272467D /* SimpleLineIcons.ttf */,
				B463B505CE7B4906881F1117 /* Zocial.ttf */,
				16A5804ADB414876AE4F9FA1 /* OpenSans-Bold.ttf */,
				B6792C68BC244C8EB0DC9987 /* CWG.ttf */,
				F0AECA266D7E4016B924EA95 /* CWG1.otf */,
				95B4F37DAA2840E78E3AB35E /* Freedom-10eM.ttf */,
				542409F174C04AA484016730 /* Lato-Black.ttf */,
				4BE278C0FF014E92AFC5DE94 /* Montserrat-Bold.ttf */,
				46B115CAADFA45948AA9BF12 /* 28 Days Later.ttf */,
				66B2709298934FDEB5784C7B /* Galaxus D.otf */,
				1AE1E87AC7FF4B4581EDBB5C /* 28_Days_Later.ttf */,
				EEE988984B0140FDB5214A2C /* Bastaman.ttf */,
			);
			name = Resources;
			sourceTree = "<group>";
			path = "";
		};
/* End PBXGroup section */

/* Begin PBXNativeTarget section */
		00E356ED1AD99517003FC87E /* MCF_New_ProjectTests */ = {
			isa = PBXNativeTarget;
			buildConfigurationList = 00E357021AD99517003FC87E /* Build configuration list for PBXNativeTarget "MCF_New_ProjectTests" */;
			buildPhases = (
				00E356EA1AD99517003FC87E /* Sources */,
				00E356EB1AD99517003FC87E /* Frameworks */,
				00E356EC1AD99517003FC87E /* Resources */,
			);
			buildRules = (
			);
			dependencies = (
				00E356F51AD99517003FC87E /* PBXTargetDependency */,
			);
			name = MCF_New_ProjectTests;
			productName = MCF_New_ProjectTests;
			productReference = 00E356EE1AD99517003FC87E /* MCF_New_ProjectTests.xctest */;
			productType = "com.apple.product-type.bundle.unit-test";
		};
		13B07F861A680F5B00A75B9A /* MCF_New_Project */ = {
			isa = PBXNativeTarget;
			buildConfigurationList = 13B07F931A680F5B00A75B9A /* Build configuration list for PBXNativeTarget "MCF_New_Project" */;
			buildPhases = (
				FD10A7F022414F080027D42C /* Start Packager */,
				13B07F871A680F5B00A75B9A /* Sources */,
				13B07F8C1A680F5B00A75B9A /* Frameworks */,
				13B07F8E1A680F5B00A75B9A /* Resources */,
				00DD1BFF1BD5951E006B06BC /* Bundle React Native code and images */,
			);
			buildRules = (
			);
			dependencies = (
			);
			name = MCF_New_Project;
			productName = MCF_New_Project;
			productReference = 13B07F961A680F5B00A75B9A /* MCF_New_Project.app */;
			productType = "com.apple.product-type.application";
		};
/* End PBXNativeTarget section */

/* Begin PBXProject section */
		83CBB9F71A601CBA00E9B192 /* Project object */ = {
			isa = PBXProject;
			attributes = {
				LastUpgradeCheck = 1210;
				TargetAttributes = {
					00E356ED1AD99517003FC87E = {
						CreatedOnToolsVersion = 6.2;
						TestTargetID = 13B07F861A680F5B00A75B9A;
					};
					13B07F861A680F5B00A75B9A = {
						LastSwiftMigration = 1120;
					};
				};
			};
			buildConfigurationList = 83CBB9FA1A601CBA00E9B192 /* Build configuration list for PBXProject "MCF_New_Project" */;
			compatibilityVersion = "Xcode 12.0";
			developmentRegion = en;
			hasScannedForEncodings = 0;
			knownRegions = (
				en,
				Base,
			);
			mainGroup = 83CBB9F61A601CBA00E9B192;
			productRefGroup = 83CBBA001A601CBA00E9B192 /* Products */;
			projectDirPath = "";
			projectRoot = "";
			targets = (
				13B07F861A680F5B00A75B9A /* MCF_New_Project */,
				00E356ED1AD99517003FC87E /* MCF_New_ProjectTests */,
			);
		};
/* End PBXProject section */

/* Begin PBXResourcesBuildPhase section */
		00E356EC1AD99517003FC87E /* Resources */ = {
			isa = PBXResourcesBuildPhase;
			buildActionMask = 2147483647;
			files = (
			);
			runOnlyForDeploymentPostprocessing = 0;
		};
		13B07F8E1A680F5B00A75B9A /* Resources */ = {
			isa = PBXResourcesBuildPhase;
			buildActionMask = 2147483647;
			files = (
				81AB9BB82411601600AC10FF /* LaunchScreen.storyboard in Resources */,
				13B07FBF1A68108700A75B9A /* Images.xcassets in Resources */,
				013726B91AF04F1293EB434A /* OpenSans-Regular.ttf in Resources */,
				270E8EFFCB50472D9C9C22CA /* OpenSans-Semibold.ttf in Resources */,
				FEDA93DF9C0C426E8F72197F /* Oswald-ExtraLight.ttf in Resources */,
				B61807968F8347D0A89D2FCF /* Oswald-Medium.ttf in Resources */,
				63B3825161E242E0BF16F238 /* Oswald-Regular.ttf in Resources */,
				7F6E8AEC590E41C5983F2061 /* AntDesign.ttf in Resources */,
				76272B92DCDD48ABA9C6A54F /* Entypo.ttf in Resources */,
				0BB464B1741A4E02A5488E13 /* EvilIcons.ttf in Resources */,
				44D7FF4F3E6F446F9023DE7C /* Feather.ttf in Resources */,
				56B4C639E5024B57A612BA36 /* FontAwesome.ttf in Resources */,
				1F657BE37347431C8F082404 /* FontAwesome5_Brands.ttf in Resources */,
				6A9CE85A7283495AA6EC0982 /* FontAwesome5_Regular.ttf in Resources */,
				5306485FEDF04EA69380D630 /* FontAwesome5_Solid.ttf in Resources */,
				D2AA87D7A9AD49A69B78A261 /* Fontisto.ttf in Resources */,
				86E46144A6A147F694937017 /* Foundation.ttf in Resources */,
				BD46D8108CF545D4BA3E33B4 /* Ionicons.ttf in Resources */,
				5D3C4B3EA0BB486E9C4024D2 /* MaterialCommunityIcons.ttf in Resources */,
				ECA5B7E8488F499F96BDA64C /* MaterialIcons.ttf in Resources */,
				62DB203663A849DDA5613831 /* Octicons.ttf in Resources */,
				C3AD72FD4C584E6CA2488AD8 /* SimpleLineIcons.ttf in Resources */,
				050467DA9E1A426F8BB050B0 /* Zocial.ttf in Resources */,
				71456C3EBE3E4C3D8316B02F /* OpenSans-Bold.ttf in Resources */,
				E44F8C7B8BCC4DA08A31D304 /* CWG.ttf in Resources */,
				54CDD45F465540C59EA276F2 /* CWG1.otf in Resources */,
				A3F9B935E194420D9DFE4F83 /* Freedom-10eM.ttf in Resources */,
				5D1717835A0544CFA8DB5DC9 /* Lato-Black.ttf in Resources */,
				CF4B54BC584E4B2BB873D788 /* Montserrat-Bold.ttf in Resources */,
				D9162D80FCEE49E1B50FE320 /* 28 Days Later.ttf in Resources */,
				31D3FB2004B14ECE88497012 /* Galaxus D.otf in Resources */,
				D0CA2DAD7FB34109AD3F9634 /* 28_Days_Later.ttf in Resources */,
				18ADCAC5C47D4A9D90AA5E7B /* Bastaman.ttf in Resources */,
			);
			runOnlyForDeploymentPostprocessing = 0;
		};
/* End PBXResourcesBuildPhase section */

/* Begin PBXShellScriptBuildPhase section */
		00DD1BFF1BD5951E006B06BC /* Bundle React Native code and images */ = {
			isa = PBXShellScriptBuildPhase;
			buildActionMask = 2147483647;
			files = (
			);
			inputPaths = (
			);
			name = "Bundle React Native code and images";
			outputPaths = (
			);
			runOnlyForDeploymentPostprocessing = 0;
			shellPath = /bin/sh;
			shellScript = "set -e\n\nexport NODE_BINARY=node\n../node_modules/react-native/scripts/react-native-xcode.sh\n";
		};
		FD10A7F022414F080027D42C /* Start Packager */ = {
			isa = PBXShellScriptBuildPhase;
			buildActionMask = 2147483647;
			files = (
			);
			inputFileListPaths = (
			);
			inputPaths = (
			);
			name = "Start Packager";
			outputFileListPaths = (
			);
			outputPaths = (
			);
			runOnlyForDeploymentPostprocessing = 0;
			shellPath = /bin/sh;
			shellScript = "export RCT_METRO_PORT=\"${RCT_METRO_PORT:=8081}\"\necho \"export RCT_METRO_PORT=${RCT_METRO_PORT}\" > \"${SRCROOT}/../node_modules/react-native/scripts/.packager.env\"\nif [ -z \"${RCT_NO_LAUNCH_PACKAGER+xxx}\" ] ; then\n  if nc -w 5 -z localhost ${RCT_METRO_PORT} ; then\n    if ! curl -s \"http://localhost:${RCT_METRO_PORT}/status\" | grep -q \"packager-status:running\" ; then\n      echo \"Port ${RCT_METRO_PORT} already in use, packager is either not running or not running correctly\"\n      exit 2\n    fi\n  else\n    open \"$SRCROOT/../node_modules/react-native/scripts/launchPackager.command\" || echo \"Can't start packager automatically\"\n  fi\nfi\n";
			showEnvVarsInLog = 0;
		};
/* End PBXShellScriptBuildPhase section */

/* Begin PBXSourcesBuildPhase section */
		00E356EA1AD99517003FC87E /* Sources */ = {
			isa = PBXSourcesBuildPhase;
			buildActionMask = 2147483647;
			files = (
				00E356F31AD99517003FC87E /* MCF_New_ProjectTests.m in Sources */,
			);
			runOnlyForDeploymentPostprocessing = 0;
		};
		13B07F871A680F5B00A75B9A /* Sources */ = {
			isa = PBXSourcesBuildPhase;
			buildActionMask = 2147483647;
			files = (
				13B07FBC1A68108700A75B9A /* AppDelegate.m in Sources */,
				13B07FC11A68108700A75B9A /* main.m in Sources */,
			);
			runOnlyForDeploymentPostprocessing = 0;
		};
/* End PBXSourcesBuildPhase section */

/* Begin PBXTargetDependency section */
		00E356F51AD99517003FC87E /* PBXTargetDependency */ = {
			isa = PBXTargetDependency;
			target = 13B07F861A680F5B00A75B9A /* MCF_New_Project */;
			targetProxy = 00E356F41AD99517003FC87E /* PBXContainerItemProxy */;
		};
/* End PBXTargetDependency section */

/* Begin XCBuildConfiguration section */
		00E356F61AD99517003FC87E /* Debug */ = {
			isa = XCBuildConfiguration;
			buildSettings = {
				BUNDLE_LOADER = "$(TEST_HOST)";
				GCC_PREPROCESSOR_DEFINITIONS = (
					"DEBUG=1",
					"$(inherited)",
				);
				INFOPLIST_FILE = MCF_New_ProjectTests/Info.plist;
				IPHONEOS_DEPLOYMENT_TARGET = 11.0;
				LD_RUNPATH_SEARCH_PATHS = (
					"$(inherited)",
					"@executable_path/Frameworks",
					"@loader_path/Frameworks",
				);
				OTHER_LDFLAGS = (
					"-ObjC",
					"-lc++",
					"$(inherited)",
				);
				PRODUCT_BUNDLE_IDENTIFIER = "org.reactjs.native.example.$(PRODUCT_NAME:rfc1034identifier)";
				PRODUCT_NAME = "$(TARGET_NAME)";
				TEST_HOST = "$(BUILT_PRODUCTS_DIR)/MCF_New_Project.app/MCF_New_Project";
			};
			name = Debug;
		};
		00E356F71AD99517003FC87E /* Release */ = {
			isa = XCBuildConfiguration;
			buildSettings = {
				BUNDLE_LOADER = "$(TEST_HOST)";
				COPY_PHASE_STRIP = NO;
				INFOPLIST_FILE = MCF_New_ProjectTests/Info.plist;
				IPHONEOS_DEPLOYMENT_TARGET = 11.0;
				LD_RUNPATH_SEARCH_PATHS = (
					"$(inherited)",
					"@executable_path/Frameworks",
					"@loader_path/Frameworks",
				);
				OTHER_LDFLAGS = (
					"-ObjC",
					"-lc++",
					"$(inherited)",
				);
				PRODUCT_BUNDLE_IDENTIFIER = "org.reactjs.native.example.$(PRODUCT_NAME:rfc1034identifier)";
				PRODUCT_NAME = "$(TARGET_NAME)";
				TEST_HOST = "$(BUILT_PRODUCTS_DIR)/MCF_New_Project.app/MCF_New_Project";
			};
			name = Release;
		};
		13B07F941A680F5B00A75B9A /* Debug */ = {
			isa = XCBuildConfiguration;
			buildSettings = {
				ASSETCATALOG_COMPILER_APPICON_NAME = AppIcon;
				CLANG_ENABLE_MODULES = YES;
				CURRENT_PROJECT_VERSION = 1;
				ENABLE_BITCODE = NO;
				INFOPLIST_FILE = MCF_New_Project/Info.plist;
				LD_RUNPATH_SEARCH_PATHS = (
					"$(inherited)",
					"@executable_path/Frameworks",
				);
				OTHER_LDFLAGS = (
					"$(inherited)",
					"-ObjC",
					"-lc++",
				);
				PRODUCT_BUNDLE_IDENTIFIER = "org.reactjs.native.example.$(PRODUCT_NAME:rfc1034identifier)";
				PRODUCT_NAME = MCF_New_Project;
				SWIFT_OPTIMIZATION_LEVEL = "-Onone";
				SWIFT_VERSION = 5.0;
				VERSIONING_SYSTEM = "apple-generic";
			};
			name = Debug;
		};
		13B07F951A680F5B00A75B9A /* Release */ = {
			isa = XCBuildConfiguration;
			buildSettings = {
				ASSETCATALOG_COMPILER_APPICON_NAME = AppIcon;
				CLANG_ENABLE_MODULES = YES;
				CURRENT_PROJECT_VERSION = 1;
				INFOPLIST_FILE = MCF_New_Project/Info.plist;
				LD_RUNPATH_SEARCH_PATHS = (
					"$(inherited)",
					"@executable_path/Frameworks",
				);
				OTHER_LDFLAGS = (
					"$(inherited)",
					"-ObjC",
					"-lc++",
				);
				PRODUCT_BUNDLE_IDENTIFIER = "org.reactjs.native.example.$(PRODUCT_NAME:rfc1034identifier)";
				PRODUCT_NAME = MCF_New_Project;
				SWIFT_VERSION = 5.0;
				VERSIONING_SYSTEM = "apple-generic";
			};
			name = Release;
		};
		83CBBA201A601CBA00E9B192 /* Debug */ = {
			isa = XCBuildConfiguration;
			buildSettings = {
				ALWAYS_SEARCH_USER_PATHS = NO;
				CLANG_ANALYZER_LOCALIZABILITY_NONLOCALIZED = YES;
				CLANG_CXX_LANGUAGE_STANDARD = "gnu++0x";
				CLANG_CXX_LIBRARY = "libc++";
				CLANG_ENABLE_MODULES = YES;
				CLANG_ENABLE_OBJC_ARC = YES;
				CLANG_WARN_BLOCK_CAPTURE_AUTORELEASING = YES;
				CLANG_WARN_BOOL_CONVERSION = YES;
				CLANG_WARN_COMMA = YES;
				CLANG_WARN_CONSTANT_CONVERSION = YES;
				CLANG_WARN_DEPRECATED_OBJC_IMPLEMENTATIONS = YES;
				CLANG_WARN_DIRECT_OBJC_ISA_USAGE = YES_ERROR;
				CLANG_WARN_EMPTY_BODY = YES;
				CLANG_WARN_ENUM_CONVERSION = YES;
				CLANG_WARN_INFINITE_RECURSION = YES;
				CLANG_WARN_INT_CONVERSION = YES;
				CLANG_WARN_NON_LITERAL_NULL_CONVERSION = YES;
				CLANG_WARN_OBJC_IMPLICIT_RETAIN_SELF = YES;
				CLANG_WARN_OBJC_LITERAL_CONVERSION = YES;
				CLANG_WARN_OBJC_ROOT_CLASS = YES_ERROR;
				CLANG_WARN_QUOTED_INCLUDE_IN_FRAMEWORK_HEADER = YES;
				CLANG_WARN_RANGE_LOOP_ANALYSIS = YES;
				CLANG_WARN_STRICT_PROTOTYPES = YES;
				CLANG_WARN_SUSPICIOUS_MOVE = YES;
				CLANG_WARN_UNREACHABLE_CODE = YES;
				CLANG_WARN__DUPLICATE_METHOD_MATCH = YES;
				"CODE_SIGN_IDENTITY[sdk=iphoneos*]" = "iPhone Developer";
				COPY_PHASE_STRIP = NO;
				ENABLE_STRICT_OBJC_MSGSEND = YES;
				ENABLE_TESTABILITY = YES;
				GCC_C_LANGUAGE_STANDARD = gnu99;
				GCC_DYNAMIC_NO_PIC = NO;
				GCC_NO_COMMON_BLOCKS = YES;
				GCC_OPTIMIZATION_LEVEL = 0;
				GCC_PREPROCESSOR_DEFINITIONS = (
					"DEBUG=1",
					"$(inherited)",
				);
				GCC_SYMBOLS_PRIVATE_EXTERN = NO;
				GCC_WARN_64_TO_32_BIT_CONVERSION = YES;
				GCC_WARN_ABOUT_RETURN_TYPE = YES_ERROR;
				GCC_WARN_UNDECLARED_SELECTOR = YES;
				GCC_WARN_UNINITIALIZED_AUTOS = YES_AGGRESSIVE;
				GCC_WARN_UNUSED_FUNCTION = YES;
				GCC_WARN_UNUSED_VARIABLE = YES;
				IPHONEOS_DEPLOYMENT_TARGET = 11.0;
				LD_RUNPATH_SEARCH_PATHS = (
					/usr/lib/swift,
					"$(inherited)",
				);
				LIBRARY_SEARCH_PATHS = (
					"\"$(SDKROOT)/usr/lib/swift\"",
					"\"$(TOOLCHAIN_DIR)/usr/lib/swift/$(PLATFORM_NAME)\"",
					"\"$(inherited)\"",
				);
				MTL_ENABLE_DEBUG_INFO = YES;
				ONLY_ACTIVE_ARCH = YES;
				SDKROOT = iphoneos;
			};
			name = Debug;
		};
		83CBBA211A601CBA00E9B192 /* Release */ = {
			isa = XCBuildConfiguration;
			buildSettings = {
				ALWAYS_SEARCH_USER_PATHS = NO;
				CLANG_ANALYZER_LOCALIZABILITY_NONLOCALIZED = YES;
				CLANG_CXX_LANGUAGE_STANDARD = "gnu++0x";
				CLANG_CXX_LIBRARY = "libc++";
				CLANG_ENABLE_MODULES = YES;
				CLANG_ENABLE_OBJC_ARC = YES;
				CLANG_WARN_BLOCK_CAPTURE_AUTORELEASING = YES;
				CLANG_WARN_BOOL_CONVERSION = YES;
				CLANG_WARN_COMMA = YES;
				CLANG_WARN_CONSTANT_CONVERSION = YES;
				CLANG_WARN_DEPRECATED_OBJC_IMPLEMENTATIONS = YES;
				CLANG_WARN_DIRECT_OBJC_ISA_USAGE = YES_ERROR;
				CLANG_WARN_EMPTY_BODY = YES;
				CLANG_WARN_ENUM_CONVERSION = YES;
				CLANG_WARN_INFINITE_RECURSION = YES;
				CLANG_WARN_INT_CONVERSION = YES;
				CLANG_WARN_NON_LITERAL_NULL_CONVERSION = YES;
				CLANG_WARN_OBJC_IMPLICIT_RETAIN_SELF = YES;
				CLANG_WARN_OBJC_LITERAL_CONVERSION = YES;
				CLANG_WARN_OBJC_ROOT_CLASS = YES_ERROR;
				CLANG_WARN_QUOTED_INCLUDE_IN_FRAMEWORK_HEADER = YES;
				CLANG_WARN_RANGE_LOOP_ANALYSIS = YES;
				CLANG_WARN_STRICT_PROTOTYPES = YES;
				CLANG_WARN_SUSPICIOUS_MOVE = YES;
				CLANG_WARN_UNREACHABLE_CODE = YES;
				CLANG_WARN__DUPLICATE_METHOD_MATCH = YES;
				"CODE_SIGN_IDENTITY[sdk=iphoneos*]" = "iPhone Developer";
				COPY_PHASE_STRIP = YES;
				ENABLE_NS_ASSERTIONS = NO;
				ENABLE_STRICT_OBJC_MSGSEND = YES;
				GCC_C_LANGUAGE_STANDARD = gnu99;
				GCC_NO_COMMON_BLOCKS = YES;
				GCC_WARN_64_TO_32_BIT_CONVERSION = YES;
				GCC_WARN_ABOUT_RETURN_TYPE = YES_ERROR;
				GCC_WARN_UNDECLARED_SELECTOR = YES;
				GCC_WARN_UNINITIALIZED_AUTOS = YES_AGGRESSIVE;
				GCC_WARN_UNUSED_FUNCTION = YES;
				GCC_WARN_UNUSED_VARIABLE = YES;
				IPHONEOS_DEPLOYMENT_TARGET = 11.0;
				LD_RUNPATH_SEARCH_PATHS = (
					/usr/lib/swift,
					"$(inherited)",
				);
				LIBRARY_SEARCH_PATHS = (
					"\"$(SDKROOT)/usr/lib/swift\"",
					"\"$(TOOLCHAIN_DIR)/usr/lib/swift/$(PLATFORM_NAME)\"",
					"\"$(inherited)\"",
				);
				MTL_ENABLE_DEBUG_INFO = NO;
				SDKROOT = iphoneos;
				VALIDATE_PRODUCT = YES;
			};
			name = Release;
		};
/* End XCBuildConfiguration section */

/* Begin XCConfigurationList section */
		00E357021AD99517003FC87E /* Build configuration list for PBXNativeTarget "MCF_New_ProjectTests" */ = {
			isa = XCConfigurationList;
			buildConfigurations = (
				00E356F61AD99517003FC87E /* Debug */,
				00E356F71AD99517003FC87E /* Release */,
			);
			defaultConfigurationIsVisible = 0;
			defaultConfigurationName = Release;
		};
		13B07F931A680F5B00A75B9A /* Build configuration list for PBXNativeTarget "MCF_New_Project" */ = {
			isa = XCConfigurationList;
			buildConfigurations = (
				13B07F941A680F5B00A75B9A /* Debug */,
				13B07F951A680F5B00A75B9A /* Release */,
			);
			defaultConfigurationIsVisible = 0;
			defaultConfigurationName = Release;
		};
		83CBB9FA1A601CBA00E9B192 /* Build configuration list for PBXProject "MCF_New_Project" */ = {
			isa = XCConfigurationList;
			buildConfigurations = (
				83CBBA201A601CBA00E9B192 /* Debug */,
				83CBBA211A601CBA00E9B192 /* Release */,
			);
			defaultConfigurationIsVisible = 0;
			defaultConfigurationName = Release;
		};
/* End XCConfigurationList section */
	};
	rootObject = 83CBB9F71A601CBA00E9B192 /* Project object */;
}
